{
  "originHash" : "f67263ad3cd3c53a771c52dcc19e14bfde065440dbbb67712fc39567247930b1",
  "pins" : [
    {
      "identity" : "cobble-chromium",
      "kind" : "remoteSourceControl",
      "location" : "https://github.com/ignaciojuarez/cobble-chromium.git",
      "state" : {
        "revision" : "52647af3fac8d23cd0c44b2a5a8fd8e134052f76"
      }
    }
  ],
  "version" : 3
}
